{
  "version": 4,
  "terraform_version": "1.8.2",
  "serial": 9,
  "lineage": "6cfb67a2-b079-262e-421d-2d517422c18e",
  "outputs": {},
  "resources": [
    {
      "mode": "managed",
      "type": "docker_container",
      "name": "mlflow_server",
      "provider": "provider[\"registry.terraform.io/kreuzwerker/docker\"]",
      "instances": [
        {
          "schema_version": 2,
          "attributes": {
            "attach": false,
            "bridge": "",
            "capabilities": [],
            "cgroup_parent": null,
            "cgroupns_mode": null,
            "command": [
              "mlflow",
              "server",
              "--backend-store-uri",
              "sqlite:///mlruns/mlflow.db",
              "--default-artifact-root",
              "/mlruns/artifacts",
              "--host",
              "0.0.0.0",
              "--port",
              "5000"
            ],
            "container_logs": null,
            "container_read_refresh_timeout_milliseconds": 15000,
            "cpu_period": null,
            "cpu_quota": null,
            "cpu_set": "",
            "cpu_shares": 0,
            "cpus": null,
            "destroy_grace_seconds": null,
            "devices": [],
            "dns": null,
            "dns_opts": null,
            "dns_search": null,
            "domainname": "",
            "entrypoint": [],
            "env": [
              "MLFLOW_BACKEND_STORE_URI=sqlite:///mlruns/mlflow.db",
              "MLFLOW_DEFAULT_ARTIFACT_ROOT=/mlruns/artifacts"
            ],
            "exit_code": null,
            "gpus": null,
            "group_add": null,
            "healthcheck": null,
            "host": [],
            "hostname": "46733ff1cc9e",
            "id": "46733ff1cc9e91e0b654ad114a7b4bb3f96e95d1d6a86bd1c57ca4ffc7e2a41e",
            "image": "ghcr.io/mlflow/mlflow:latest",
            "init": false,
            "ipc_mode": "private",
            "labels": [],
            "log_driver": "json-file",
            "log_opts": null,
            "logs": false,
            "max_retry_count": 0,
            "memory": 0,
            "memory_swap": 0,
            "mounts": [],
            "must_run": true,
            "name": "mlflow-server-terraform",
            "network_data": [
              {
                "gateway": "172.17.0.1",
                "global_ipv6_address": "",
                "global_ipv6_prefix_length": 0,
                "ip_address": "172.17.0.2",
                "ip_prefix_length": 16,
                "ipv6_gateway": "",
                "mac_address": "5e:35:d8:42:90:14",
                "network_name": "bridge"
              }
            ],
            "network_mode": "bridge",
            "networks_advanced": [],
            "pid_mode": "",
            "ports": [
              {
                "external": 5050,
                "internal": 5000,
                "ip": "0.0.0.0",
                "protocol": "tcp"
              }
            ],
            "privileged": false,
            "publish_all_ports": false,
            "read_only": false,
            "remove_volumes": true,
            "restart": "no",
            "rm": false,
            "runtime": "runc",
            "security_opts": [],
            "shm_size": 64,
            "start": true,
            "stdin_open": false,
            "stop_signal": "",
            "stop_timeout": 0,
            "storage_opts": null,
            "sysctls": null,
            "tmpfs": null,
            "tty": false,
            "ulimit": [],
            "upload": [],
            "user": "",
            "userns_mode": "",
            "volumes": [
              {
                "container_path": "/mlruns",
                "from_container": "",
                "host_path": "/workspaces/github-anomaly-project/infra/../mlruns",
                "read_only": null,
                "volume_name": ""
              }
            ],
            "wait": false,
            "wait_timeout": 60,
            "working_dir": ""
          },
          "sensitive_attributes": [],
          "private": "eyJzY2hlbWFfdmVyc2lvbiI6IjIifQ==",
          "dependencies": [
            "docker_image.mlflow"
          ]
        }
      ]
    },
    {
      "mode": "managed",
      "type": "docker_image",
      "name": "mlflow",
      "provider": "provider[\"registry.terraform.io/kreuzwerker/docker\"]",
      "instances": [
        {
          "schema_version": 0,
          "attributes": {
            "build": [],
            "force_remove": null,
            "id": "sha256:b60fa5d6ba8c0acac4b1fa5673eda05e5bab4608be87aa0af45bb7fb5340c876ghcr.io/mlflow/mlflow:latest",
            "image_id": "sha256:b60fa5d6ba8c0acac4b1fa5673eda05e5bab4608be87aa0af45bb7fb5340c876",
            "keep_locally": null,
            "name": "ghcr.io/mlflow/mlflow:latest",
            "platform": null,
            "pull_triggers": null,
            "repo_digest": "ghcr.io/mlflow/mlflow@sha256:e8c9caf0615dd18a766091a3c37a41ecca2a00d663bc9a6d8b7417950d828114",
            "timeouts": null,
            "triggers": null
          },
          "sensitive_attributes": [],
          "private": "eyJlMmJmYjczMC1lY2FhLTExZTYtOGY4OC0zNDM2M2JjN2M0YzAiOnsiY3JlYXRlIjoxMjAwMDAwMDAwMDAwLCJkZWxldGUiOjEyMDAwMDAwMDAwMDAsInVwZGF0ZSI6MTIwMDAwMDAwMDAwMH19"
        }
      ]
    }
  ],
  "check_results": null
}
